<?xml version="1.0" encoding="utf-8"?>
<Project ToolsVersion="4.0" xmlns="http://schemas.microsoft.com/developer/msbuild/2003">
  <ItemGroup>
    <Filter Include="Source Files">
      <UniqueIdentifier>{4FC737F1-C7A5-4376-A066-2A32D752A2FF}</UniqueIdentifier>
      <Extensions>cpp;c;cc;cxx;def;odl;idl;hpj;bat;asm;asmx</Extensions>
    </Filter>
    <Filter Include="Header Files">
      <UniqueIdentifier>{93995380-89BD-4b04-88EB-625FBE52EBFB}</UniqueIdentifier>
      <Extensions>h;hpp;hxx;hm;inl;inc;xsd</Extensions>
    </Filter>
    <Filter Include="Header Files\Resource Files">
      <UniqueIdentifier>{67DA6AB6-F800-4c08-8B7A-83BB121AAD01}</UniqueIdentifier>
      <Extensions>rc;ico;cur;bmp;dlg;rc2;rct;bin;rgs;gif;jpg;jpeg;jpe;resx;tiff;tif;png;wav</Extensions>
    </Filter>
  </ItemGroup>
  <ItemGroup>
    <ClCompile Include="Arraysup.cpp">
      <Filter>Source Files</Filter>
    </ClCompile>
    <ClCompile Include="vmAtom.cpp">
      <Filter>Source Files</Filter>
    </ClCompile>
    <ClCompile Include="vmBuiltin.cpp">
      <Filter>Source Files</Filter>
    </ClCompile>
    <ClCompile Include="vmBuiltinBufferClass.cpp">
      <Filter>Source Files</Filter>
    </ClCompile>
    <ClCompile Include="vmBuiltinDateTime.cpp">
      <Filter>Source Files</Filter>
    </ClCompile>
    <ClCompile Include="vmBuiltinGeneral.cpp">
      <Filter>Source Files</Filter>
    </ClCompile>
    <ClCompile Include="vmBuiltinIO.cpp">
      <Filter>Source Files</Filter>
    </ClCompile>
    <ClCompile Include="vmBuiltinMath.cpp">
      <Filter>Source Files</Filter>
    </ClCompile>
    <ClCompile Include="vmBuiltinPack.cpp">
      <Filter>Source Files</Filter>
    </ClCompile>
    <ClCompile Include="vmBuiltinString.cpp">
      <Filter>Source Files</Filter>
    </ClCompile>
    <ClCompile Include="vmDebug.cpp">
      <Filter>Source Files</Filter>
    </ClCompile>
    <ClCompile Include="vmInstance.cpp">
      <Filter>Source Files</Filter>
    </ClCompile>
    <ClCompile Include="vmObject.cpp">
      <Filter>Source Files</Filter>
    </ClCompile>
    <ClCompile Include="vmWorkarea.cpp">
      <Filter>Source Files</Filter>
    </ClCompile>
    <ClCompile Include="vmBuiltinCoRoutine.cpp">
      <Filter>Source Files</Filter>
    </ClCompile>
    <ClCompile Include="vmBuiltinCompression.cpp">
      <Filter>Source Files</Filter>
    </ClCompile>
    <ClCompile Include="Opcodes.cpp">
      <Filter>Source Files</Filter>
    </ClCompile>
    <ClCompile Include="vmBuiltinQueryable.cpp">
      <Filter>Source Files</Filter>
    </ClCompile>
    <ClCompile Include="vmBuiltinMultimap.cpp">
      <Filter>Source Files</Filter>
    </ClCompile>
    <ClCompile Include="vmNativeInterface.cpp">
      <Filter>Source Files</Filter>
    </ClCompile>
    <ClCompile Include="vmOmGenerational.cpp">
      <Filter>Source Files</Filter>
    </ClCompile>
    <ClCompile Include="vmOmCopying.cpp">
      <Filter>Source Files</Filter>
    </ClCompile>
    <ClCompile Include="vmBuiltinMap.cpp">
      <Filter>Source Files</Filter>
    </ClCompile>
    <ClCompile Include="vmBuiltinSet.cpp">
      <Filter>Source Files</Filter>
    </ClCompile>
    <ClCompile Include="vmBuiltinMultiSet.cpp">
      <Filter>Source Files</Filter>
    </ClCompile>
    <ClCompile Include="vmBuiltinUnorderedSet.cpp">
      <Filter>Source Files</Filter>
    </ClCompile>
    <ClCompile Include="vmBuiltinUnorderedMultiSet.cpp">
      <Filter>Source Files</Filter>
    </ClCompile>
    <ClCompile Include="vmBuiltinUnorderedMap.cpp">
      <Filter>Source Files</Filter>
    </ClCompile>
    <ClCompile Include="vmBuiltinUnorderedMultiMap.cpp">
      <Filter>Source Files</Filter>
    </ClCompile>
    <ClCompile Include="vmBuiltinHTTPClient.cpp">
      <Filter>Source Files</Filter>
    </ClCompile>
    <ClCompile Include="vmBuiltinUnitTest.cpp">
      <Filter>Source Files</Filter>
    </ClCompile>
    <ClCompile Include="vmBuiltinTUSClient.cpp">
      <Filter>Source Files</Filter>
    </ClCompile>
    <ClCompile Include="vmBuiltinOpenSSL.cpp">
      <Filter>Source Files</Filter>
    </ClCompile>
    <ClCompile Include="vmBuiltinFTPClient.cpp">
      <Filter>Source Files</Filter>
    </ClCompile>
    <ClCompile Include="Rijndael.cpp">
      <Filter>Source Files</Filter>
    </ClCompile>
    <ClCompile Include="vmBuiltinJSON.cpp">
      <Filter>Source Files</Filter>
    </ClCompile>
    <ClCompile Include="vmBuiltinImage.cpp">
      <Filter>Source Files</Filter>
    </ClCompile>
    <ClCompile Include="vmBuiltinLegacy.cpp">
      <Filter>Source Files</Filter>
    </ClCompile>
    <ClCompile Include="vmObjectMemory.cpp">
      <Filter>Source Files</Filter>
    </ClCompile>
    <ClCompile Include="vmBuiltinCSV.cpp">
      <Filter>Source Files</Filter>
    </ClCompile>
    <ClCompile Include="vmBuiltinRegex.cpp">
      <Filter>Source Files</Filter>
    </ClCompile>
    <ClCompile Include="vmBuiltinRegexOld.cpp">
      <Filter>Source Files</Filter>
    </ClCompile>
    <ClCompile Include="vmBuiltinAArray.cpp">
      <Filter>Source Files</Filter>
    </ClCompile>
  </ItemGroup>
  <ItemGroup>
    <ClInclude Include="bcVM.h">
      <Filter>Header Files</Filter>
    </ClInclude>
    <ClInclude Include="bcVMBuiltin.h">
      <Filter>Header Files</Filter>
    </ClInclude>
    <ClInclude Include="bcVMObject.h">
      <Filter>Header Files</Filter>
    </ClInclude>
    <ClInclude Include="exeStore.h">
      <Filter>Header Files</Filter>
    </ClInclude>
    <ClInclude Include="fglTypes.h">
      <Filter>Header Files</Filter>
    </ClInclude>
    <ClInclude Include="Opcodes.h">
      <Filter>Header Files</Filter>
    </ClInclude>
    <ClInclude Include="Stdafx.h">
      <Filter>Header Files</Filter>
    </ClInclude>
    <ClInclude Include="vmAtom.h">
      <Filter>Header Files</Filter>
    </ClInclude>
    <ClInclude Include="vmDebug.h">
      <Filter>Header Files</Filter>
    </ClInclude>
    <ClInclude Include="vmInstance.h">
      <Filter>Header Files</Filter>
    </ClInclude>
    <ClInclude Include="vmWorkarea.h">
      <Filter>Header Files</Filter>
    </ClInclude>
    <ClInclude Include="opCodeDefinitions.h">
      <Filter>Header Files</Filter>
    </ClInclude>
    <ClInclude Include="symbolSpaceRuntime.h">
      <Filter>Header Files</Filter>
    </ClInclude>
    <ClInclude Include="vmNativeInterface.h">
      <Filter>Header Files</Filter>
    </ClInclude>
    <ClInclude Include="vmObjectMemory.h">
      <Filter>Header Files</Filter>
    </ClInclude>
    <ClInclude Include="vmOmGenerational.h">
      <Filter>Header Files</Filter>
    </ClInclude>
    <ClInclude Include="vmOmCopying.h">
      <Filter>Header Files</Filter>
    </ClInclude>
    <ClInclude Include="vmAllocator.h">
      <Filter>Header Files</Filter>
    </ClInclude>
    <ClInclude Include="vmBuiltinTusClient.h">
      <Filter>Header Files</Filter>
    </ClInclude>
    <ClInclude Include="bcVMBuiltinFTPClient.h">
      <Filter>Header Files</Filter>
    </ClInclude>
    <ClInclude Include="Rijndael.h">
      <Filter>Header Files</Filter>
    </ClInclude>
    <ClInclude Include="vmBuiltinContainer.h">
      <Filter>Header Files</Filter>
    </ClInclude>
    <ClInclude Include="vmInstanceDispatch.h">
      <Filter>Header Files</Filter>
    </ClInclude>
    <ClInclude Include="vmConversion.h">
      <Filter>Header Files</Filter>
    </ClInclude>
  </ItemGroup>
  <ItemGroup>
    <Natvis Include="NatvisFile.natvis" />
  </ItemGroup>
</Project>