<?xml version="1.0" encoding="utf-8"?>
<Project ToolsVersion="4.0" xmlns="http://schemas.microsoft.com/developer/msbuild/2003">
  <ItemGroup>
    <Filter Include="Source Files">
      <UniqueIdentifier>{4FC737F1-C7A5-4376-A066-2A32D752A2FF}</UniqueIdentifier>
      <Extensions>cpp;c;cc;cxx;def;odl;idl;hpj;bat;asm;asmx</Extensions>
    </Filter>
    <Filter Include="Header Files">
      <UniqueIdentifier>{93995380-89BD-4b04-88EB-625FBE52EBFB}</UniqueIdentifier>
      <Extensions>h;hpp;hxx;hm;inl;inc;xsd</Extensions>
    </Filter>
  </ItemGroup>
  <ItemGroup>
    <ClCompile Include="atomList.cpp">
      <Filter>Source Files</Filter>
    </ClCompile>
    <ClCompile Include="compGenListing.cpp">
      <Filter>Source Files</Filter>
    </ClCompile>
    <ClCompile Include="compilerBCBuild.cpp">
      <Filter>Source Files</Filter>
    </ClCompile>
    <ClCompile Include="compilerBCGenerator.cpp">
      <Filter>Source Files</Filter>
    </ClCompile>
    <ClCompile Include="compilerOptConstantFold.cpp">
      <Filter>Source Files</Filter>
    </ClCompile>
    <ClCompile Include="compilerOptimizer.cpp">
      <Filter>Source Files</Filter>
    </ClCompile>
    <ClCompile Include="compilerOptInline.cpp">
      <Filter>Source Files</Filter>
    </ClCompile>
    <ClCompile Include="compilerOptSimpleDCEliminate.cpp">
      <Filter>Source Files</Filter>
    </ClCompile>
    <ClCompile Include="compilerOptTransform.cpp">
      <Filter>Source Files</Filter>
    </ClCompile>
    <ClCompile Include="compilerOptTypeInference.cpp">
      <Filter>Source Files</Filter>
    </ClCompile>
    <ClCompile Include="transform.cpp">
      <Filter>Source Files</Filter>
    </ClCompile>
    <ClCompile Include="compilerBCBuildClass.cpp">
      <Filter>Source Files</Filter>
    </ClCompile>
    <ClCompile Include="compilerBCBuildFunc.cpp">
      <Filter>Source Files</Filter>
    </ClCompile>
    <ClCompile Include="compilerBcFinally.cpp">
      <Filter>Source Files</Filter>
    </ClCompile>
    <ClCompile Include="compilerBCMakeIterators.cpp">
      <Filter>Source Files</Filter>
    </ClCompile>
    <ClCompile Include="compilerBCMakeSymbols.cpp">
      <Filter>Source Files</Filter>
    </ClCompile>
    <ClCompile Include="compilerBCResetSymbols.cpp">
      <Filter>Source Files</Filter>
    </ClCompile>
    <ClCompile Include="compilerBCMakeAtoms.cpp">
      <Filter>Source Files</Filter>
    </ClCompile>
    <ClCompile Include="compilerBCPruneRefs.cpp">
      <Filter>Source Files</Filter>
    </ClCompile>
    <ClCompile Include="compilerBCHasIndirectCall.cpp">
      <Filter>Source Files</Filter>
    </ClCompile>
    <ClCompile Include="compilerBCMakeForEach.cpp">
      <Filter>Source Files</Filter>
    </ClCompile>
    <ClCompile Include="compilerBCClosures.cpp">
      <Filter>Source Files</Filter>
    </ClCompile>
    <ClCompile Include="compilerBCBlockGotoCompute.cpp">
      <Filter>Source Files</Filter>
    </ClCompile>
    <ClCompile Include="compilerBCMakeDotGraph.cpp">
      <Filter>Source Files</Filter>
    </ClCompile>
    <ClCompile Include="compilerBCConvertPseudoObjCall.cpp">
      <Filter>Source Files</Filter>
    </ClCompile>
    <ClCompile Include="compilerBCMakeCodeblock.cpp">
      <Filter>Source Files</Filter>
    </ClCompile>
    <ClCompile Include="compilerBCCombineBlocks.cpp">
      <Filter>Source Files</Filter>
    </ClCompile>
    <ClCompile Include="compilerBCCodeSegment.cpp">
      <Filter>Source Files</Filter>
    </ClCompile>
    <ClCompile Include="compilerBCErrorWarn.cpp">
      <Filter>Source Files</Filter>
    </ClCompile>
    <ClCompile Include="compilerBCMakeLambda.cpp">
      <Filter>Source Files</Filter>
    </ClCompile>
    <ClCompile Include="compilerBCGenWrapper.cpp">
      <Filter>Source Files</Filter>
    </ClCompile>
    <ClCompile Include="compilerOptRemoveUnusedVariables.cpp">
      <Filter>Source Files</Filter>
    </ClCompile>
    <ClCompile Include="compilerBCGenExtensionMethods.cpp">
      <Filter>Source Files</Filter>
    </ClCompile>
    <ClCompile Include="compilerBCGetInfo.cpp">
      <Filter>Source Files</Filter>
    </ClCompile>
  </ItemGroup>
  <ItemGroup>
    <ClInclude Include="atomList.h">
      <Filter>Header Files</Filter>
    </ClInclude>
    <ClInclude Include="compilerBCGenerator.h">
      <Filter>Header Files</Filter>
    </ClInclude>
    <ClInclude Include="compilerOptimizer.h">
      <Filter>Header Files</Filter>
    </ClInclude>
    <ClInclude Include="transform.h">
      <Filter>Header Files</Filter>
    </ClInclude>
    <ClInclude Include="..\bcVM\exeStore.h">
      <Filter>Header Files</Filter>
    </ClInclude>
  </ItemGroup>
  <ItemGroup>
    <Natvis Include="NatvisFile.natvis">
      <Filter>Source Files</Filter>
    </Natvis>
  </ItemGroup>
</Project>