<?xml version="1.0" encoding="utf-8"?>
<Project ToolsVersion="4.0" xmlns="http://schemas.microsoft.com/developer/msbuild/2003">
  <ItemGroup>
    <Filter Include="Header Files">
      <UniqueIdentifier>{93995380-89BD-4b04-88EB-625FBE52EBFB}</UniqueIdentifier>
      <Extensions>h;hpp;hxx;hm;inl;inc;xsd</Extensions>
    </Filter>
    <Filter Include="Resource Files">
      <UniqueIdentifier>{67DA6AB6-F800-4c08-8B7A-83BB121AAD01}</UniqueIdentifier>
      <Extensions>rc;ico;cur;bmp;dlg;rc2;rct;bin;rgs;gif;jpg;jpeg;jpe;resx;tiff;tif;png;wav;mfcribbon-ms</Extensions>
    </Filter>
    <Filter Include="Source Files">
      <UniqueIdentifier>{4FC737F1-C7A5-4376-A066-2A32D752A2FF}</UniqueIdentifier>
      <Extensions>cpp;c;cc;cxx;def;odl;idl;hpj;bat;asm;asmx</Extensions>
    </Filter>
  </ItemGroup>
  <ItemGroup>
    <ClInclude Include="webBuffer.h">
      <Filter>Header Files</Filter>
    </ClInclude>
    <ClInclude Include="webSocket.h">
      <Filter>Header Files</Filter>
    </ClInclude>
    <ClInclude Include="webServerTaskControl.h">
      <Filter>Header Files</Filter>
    </ClInclude>
    <ClInclude Include="vmBuiltinSessionClass.h">
      <Filter>Header Files</Filter>
    </ClInclude>
    <ClInclude Include="webServerISAPIInterface.h">
      <Filter>Header Files</Filter>
    </ClInclude>
    <ClInclude Include="webServer.h">
      <Filter>Header Files</Filter>
    </ClInclude>
    <ClInclude Include="webServerIOCP.h">
      <Filter>Header Files</Filter>
    </ClInclude>
    <ClInclude Include="webServerGlobalTables.h">
      <Filter>Header Files</Filter>
    </ClInclude>
    <ClInclude Include="webTransactionLog.h">
      <Filter>Header Files</Filter>
    </ClInclude>
    <ClInclude Include="webProtoH1.h">
      <Filter>Header Files</Filter>
    </ClInclude>
    <ClInclude Include="webProtoSSL.h">
      <Filter>Header Files</Filter>
    </ClInclude>
    <ClInclude Include="webProtoH2.h">
      <Filter>Header Files</Filter>
    </ClInclude>
    <ClInclude Include="webLog.h">
      <Filter>Header Files</Filter>
    </ClInclude>
    <ClInclude Include="webZipper.h">
      <Filter>Header Files</Filter>
    </ClInclude>
  </ItemGroup>
  <ItemGroup>
    <ClCompile Include="webServerInit.cpp">
      <Filter>Source Files</Filter>
    </ClCompile>
    <ClCompile Include="webServerStaticPageHandler.cpp">
      <Filter>Source Files</Filter>
    </ClCompile>
    <ClCompile Include="webServerActivePageHandler.cpp">
      <Filter>Source Files</Filter>
    </ClCompile>
    <ClCompile Include="webServerMethodHandlers.cpp">
      <Filter>Source Files</Filter>
    </ClCompile>
    <ClCompile Include="webServerISAPIInterface.cpp">
      <Filter>Source Files</Filter>
    </ClCompile>
    <ClCompile Include="webServerIOCP.cpp">
      <Filter>Source Files</Filter>
    </ClCompile>
    <ClCompile Include="webTransactionLog.cpp">
      <Filter>Source Files</Filter>
    </ClCompile>
    <ClCompile Include="webBuffer.cpp">
      <Filter>Source Files</Filter>
    </ClCompile>
    <ClCompile Include="webServerGlobalTables.cpp">
      <Filter>Source Files</Filter>
    </ClCompile>
    <ClCompile Include="vmBuiltinSessionClass.cpp">
      <Filter>Source Files</Filter>
    </ClCompile>
    <ClCompile Include="webProtoH1ParseRequest.cpp">
      <Filter>Source Files</Filter>
    </ClCompile>
    <ClCompile Include="webProtoSSL.cpp">
      <Filter>Source Files</Filter>
    </ClCompile>
    <ClCompile Include="webProtoH1Connection.cpp">
      <Filter>Source Files</Filter>
    </ClCompile>
    <ClCompile Include="webProtoH1GenerateResponse.cpp">
      <Filter>Source Files</Filter>
    </ClCompile>
    <ClCompile Include="webProtoH2.cpp">
      <Filter>Source Files</Filter>
    </ClCompile>
    <ClCompile Include="webProtoH2Huffman.cpp">
      <Filter>Source Files</Filter>
    </ClCompile>
    <ClCompile Include="webProtoH2HuffmanData.cpp">
      <Filter>Source Files</Filter>
    </ClCompile>
    <ClCompile Include="webProtoH1BuildResponse.cpp">
      <Filter>Source Files</Filter>
    </ClCompile>
  </ItemGroup>
</Project>