<?xml version="1.0" encoding="utf-8"?>
<Project ToolsVersion="4.0" xmlns="http://schemas.microsoft.com/developer/msbuild/2003">
  <ItemGroup>
    <Filter Include="Source Files">
      <UniqueIdentifier>{4FC737F1-C7A5-4376-A066-2A32D752A2FF}</UniqueIdentifier>
      <Extensions>cpp;c;cc;cxx;def;odl;idl;hpj;bat;asm;asmx</Extensions>
    </Filter>
    <Filter Include="Header Files">
      <UniqueIdentifier>{93995380-89BD-4b04-88EB-625FBE52EBFB}</UniqueIdentifier>
      <Extensions>h;hh;hpp;hxx;hm;inl;inc;xsd</Extensions>
    </Filter>
    <Filter Include="Resource Files">
      <UniqueIdentifier>{67DA6AB6-F800-4c08-8B7A-83BB121AAD01}</UniqueIdentifier>
      <Extensions>rc;ico;cur;bmp;dlg;rc2;rct;bin;rgs;gif;jpg;jpeg;jpe;resx;tiff;tif;png;wav;mfcribbon-ms</Extensions>
    </Filter>
  </ItemGroup>
  <ItemGroup>
    <ClInclude Include="Db.h">
      <Filter>Header Files</Filter>
    </ClInclude>
    <ClInclude Include="dbConfig.h">
      <Filter>Header Files</Filter>
    </ClInclude>
    <ClInclude Include="dbDef.h">
      <Filter>Header Files</Filter>
    </ClInclude>
    <ClInclude Include="dbFilter.h">
      <Filter>Header Files</Filter>
    </ClInclude>
    <ClInclude Include="dbIoServer.h">
      <Filter>Header Files</Filter>
    </ClInclude>
    <ClInclude Include="dbMsg.h">
      <Filter>Header Files</Filter>
    </ClInclude>
    <ClInclude Include="odbf.h">
      <Filter>Header Files</Filter>
    </ClInclude>
    <ClInclude Include="blob.h">
      <Filter>Header Files</Filter>
    </ClInclude>
    <ClInclude Include="ftx.h">
      <Filter>Header Files</Filter>
    </ClInclude>
    <ClInclude Include="StdAfx.h">
      <Filter>Header Files</Filter>
    </ClInclude>
  </ItemGroup>
  <ItemGroup>
    <ClCompile Include="_tbappen.cpp">
      <Filter>Source Files</Filter>
    </ClCompile>
    <ClCompile Include="_tbbof.cpp">
      <Filter>Source Files</Filter>
    </ClCompile>
    <ClCompile Include="_tbbuild.cpp">
      <Filter>Source Files</Filter>
    </ClCompile>
    <ClCompile Include="_tbclose.cpp">
      <Filter>Source Files</Filter>
    </ClCompile>
    <ClCompile Include="_tbcopy.cpp">
      <Filter>Source Files</Filter>
    </ClCompile>
    <ClCompile Include="_tbcreat.cpp">
      <Filter>Source Files</Filter>
    </ClCompile>
    <ClCompile Include="_tbCreateDuplicate.cpp">
      <Filter>Source Files</Filter>
    </ClCompile>
    <ClCompile Include="_tbdelet.cpp">
      <Filter>Source Files</Filter>
    </ClCompile>
    <ClCompile Include="_tbeof.cpp">
      <Filter>Source Files</Filter>
    </ClCompile>
    <ClCompile Include="_tbfcheck.cpp">
      <Filter>Source Files</Filter>
    </ClCompile>
    <ClCompile Include="_tbfcoun.cpp">
      <Filter>Source Files</Filter>
    </ClCompile>
    <ClCompile Include="_tbfdec.cpp">
      <Filter>Source Files</Filter>
    </ClCompile>
    <ClCompile Include="_tbfget.cpp">
      <Filter>Source Files</Filter>
    </ClCompile>
    <ClCompile Include="_tbflen.cpp">
      <Filter>Source Files</Filter>
    </ClCompile>
    <ClCompile Include="_tbflistBuild.cpp">
      <Filter>Source Files</Filter>
    </ClCompile>
    <ClCompile Include="_tbflistCheck.cpp">
      <Filter>Source Files</Filter>
    </ClCompile>
    <ClCompile Include="_tbfname.cpp">
      <Filter>Source Files</Filter>
    </ClCompile>
    <ClCompile Include="_tbfoff.cpp">
      <Filter>Source Files</Filter>
    </ClCompile>
    <ClCompile Include="_tbfpos.cpp">
      <Filter>Source Files</Filter>
    </ClCompile>
    <ClCompile Include="_tbfput.cpp">
      <Filter>Source Files</Filter>
    </ClCompile>
    <ClCompile Include="_tbfrecover.cpp">
      <Filter>Source Files</Filter>
    </ClCompile>
    <ClCompile Include="_tbfsize.cpp">
      <Filter>Source Files</Filter>
    </ClCompile>
    <ClCompile Include="_tbftype.cpp">
      <Filter>Source Files</Filter>
    </ClCompile>
    <ClCompile Include="_tbgoto.cpp">
      <Filter>Source Files</Filter>
    </ClCompile>
    <ClCompile Include="_tbisdel.cpp">
      <Filter>Source Files</Filter>
    </ClCompile>
    <ClCompile Include="_tblrec.cpp">
      <Filter>Source Files</Filter>
    </ClCompile>
    <ClCompile Include="_tbopen.cpp">
      <Filter>Source Files</Filter>
    </ClCompile>
    <ClCompile Include="_tbrecno.cpp">
      <Filter>Source Files</Filter>
    </ClCompile>
    <ClCompile Include="_tbrget.cpp">
      <Filter>Source Files</Filter>
    </ClCompile>
    <ClCompile Include="_tbrput.cpp">
      <Filter>Source Files</Filter>
    </ClCompile>
    <ClCompile Include="_tbrTotal.cpp">
      <Filter>Source Files</Filter>
    </ClCompile>
    <ClCompile Include="_tbskip.cpp">
      <Filter>Source Files</Filter>
    </ClCompile>
    <ClCompile Include="blob.cpp">
      <Filter>Source Files</Filter>
    </ClCompile>
    <ClCompile Include="database.cpp">
      <Filter>Source Files</Filter>
    </ClCompile>
    <ClCompile Include="dbConfig.cpp">
      <Filter>Source Files</Filter>
    </ClCompile>
    <ClCompile Include="dbConnectionMgmt.cpp">
      <Filter>Source Files</Filter>
    </ClCompile>
    <ClCompile Include="dbDef.cpp">
      <Filter>Source Files</Filter>
    </ClCompile>
    <ClCompile Include="dbIoServer.cpp">
      <Filter>Source Files</Filter>
    </ClCompile>
    <ClCompile Include="dbProcess.cpp">
      <Filter>Source Files</Filter>
    </ClCompile>
    <ClCompile Include="dbProcessConn.cpp">
      <Filter>Source Files</Filter>
    </ClCompile>
    <ClCompile Include="dbRecordLock.cpp">
      <Filter>Source Files</Filter>
    </ClCompile>
    <ClCompile Include="ftx.cpp">
      <Filter>Source Files</Filter>
    </ClCompile>
    <ClCompile Include="dbRepair.cpp">
      <Filter>Source Files</Filter>
    </ClCompile>
  </ItemGroup>
</Project>