<?xml version="1.0" encoding="utf-8"?>
<Project ToolsVersion="4.0" xmlns="http://schemas.microsoft.com/developer/msbuild/2003">
  <ItemGroup>
    <Filter Include="Source Files">
      <UniqueIdentifier>{4FC737F1-C7A5-4376-A066-2A32D752A2FF}</UniqueIdentifier>
      <Extensions>cpp;c;cc;cxx;def;odl;idl;hpj;bat;asm;asmx</Extensions>
    </Filter>
    <Filter Include="Header Files">
      <UniqueIdentifier>{93995380-89BD-4b04-88EB-625FBE52EBFB}</UniqueIdentifier>
      <Extensions>h;hpp;hxx;hm;inl;inc;xsd</Extensions>
    </Filter>
    <Filter Include="Resource Files">
      <UniqueIdentifier>{67DA6AB6-F800-4c08-8B7A-83BB121AAD01}</UniqueIdentifier>
      <Extensions>rc;ico;cur;bmp;dlg;rc2;rct;bin;rgs;gif;jpg;jpeg;jpe;resx;tiff;tif;png;wav</Extensions>
    </Filter>
  </ItemGroup>
  <ItemGroup>
    <ClCompile Include="blockParser.cpp">
      <Filter>Source Files</Filter>
    </ClCompile>
    <ClCompile Include="expressionParser.cpp">
      <Filter>Source Files</Filter>
    </ClCompile>
    <ClCompile Include="fileParser.cpp">
      <Filter>Source Files</Filter>
    </ClCompile>
    <ClCompile Include="funcParser.cpp">
      <Filter>Source Files</Filter>
    </ClCompile>
    <ClCompile Include="util.cpp">
      <Filter>Source Files</Filter>
    </ClCompile>
    <ClCompile Include="classParser.cpp">
      <Filter>Source Files</Filter>
    </ClCompile>
    <ClCompile Include="fglErrors.cpp">
      <Filter>Source Files</Filter>
    </ClCompile>
    <ClCompile Include="nameSpace.cpp">
      <Filter>Source Files</Filter>
    </ClCompile>
    <ClCompile Include="symbolSpace.cpp">
      <Filter>Source Files</Filter>
    </ClCompile>
    <ClCompile Include="symbolSpaceClass.cpp">
      <Filter>Source Files</Filter>
    </ClCompile>
    <ClCompile Include="symbolSpaceStatic.cpp">
      <Filter>Source Files</Filter>
    </ClCompile>
    <ClCompile Include="symbolSpaceNamespace.cpp">
      <Filter>Source Files</Filter>
    </ClCompile>
    <ClCompile Include="linqParser.cpp">
      <Filter>Source Files</Filter>
    </ClCompile>
    <ClCompile Include="errorHandler.cpp">
      <Filter>Source Files</Filter>
    </ClCompile>
    <ClCompile Include="opSymbol.cpp">
      <Filter>Source Files</Filter>
    </ClCompile>
  </ItemGroup>
  <ItemGroup>
    <ClInclude Include="classParser.h">
      <Filter>Header Files</Filter>
    </ClInclude>
    <ClInclude Include="errorHandler.h">
      <Filter>Header Files</Filter>
    </ClInclude>
    <ClInclude Include="expressionParser.h">
      <Filter>Header Files</Filter>
    </ClInclude>
    <ClInclude Include="fileParser.h">
      <Filter>Header Files</Filter>
    </ClInclude>
    <ClInclude Include="funcParser.h">
      <Filter>Header Files</Filter>
    </ClInclude>
    <ClInclude Include="util.h">
      <Filter>Header Files</Filter>
    </ClInclude>
    <ClInclude Include="fglErrors.h">
      <Filter>Header Files</Filter>
    </ClInclude>
    <ClInclude Include="fglErrorDefinitions.h">
      <Filter>Header Files</Filter>
    </ClInclude>
    <ClInclude Include="symbolSpacePCall.h">
      <Filter>Header Files</Filter>
    </ClInclude>
    <ClInclude Include="symbolSpaceLocal.h">
      <Filter>Header Files</Filter>
    </ClInclude>
    <ClInclude Include="nameSpace.h">
      <Filter>Header Files</Filter>
    </ClInclude>
    <ClInclude Include="symbolSpaceNamespace.h">
      <Filter>Header Files</Filter>
    </ClInclude>
    <ClInclude Include="symbolSpaceStatic.h">
      <Filter>Header Files</Filter>
    </ClInclude>
    <ClInclude Include="symbolSpaceField.h">
      <Filter>Header Files</Filter>
    </ClInclude>
    <ClInclude Include="symbolSpaceClass.h">
      <Filter>Header Files</Filter>
    </ClInclude>
    <ClInclude Include="symbolSpaceParam.h">
      <Filter>Header Files</Filter>
    </ClInclude>
    <ClInclude Include="symbolSpaceClosure.h">
      <Filter>Header Files</Filter>
    </ClInclude>
    <ClInclude Include="symbolSpaceLocalAdd.h">
      <Filter>Header Files</Filter>
    </ClInclude>
    <ClInclude Include="symbolSpace.h">
      <Filter>Header Files</Filter>
    </ClInclude>
    <ClInclude Include="opSymbol.h">
      <Filter>Header Files</Filter>
    </ClInclude>
    <ClInclude Include="..\bcVM\exeStore.h">
      <Filter>Header Files</Filter>
    </ClInclude>
  </ItemGroup>
  <ItemGroup>
    <Natvis Include="NatvisFile.natvis" />
  </ItemGroup>
</Project>